
Microsoft Visual Studio Solution File, Format Version 12.00
# Visual Studio Version 17
VisualStudioVersion = 17.5.33627.172
MinimumVisualStudioVersion = 10.0.40219.1
Project("{FAE04EC0-301F-11D3-BF4B-00C04F79EFBC}") = "Consumo-Api-Lacuna-Genetics", "Consumo-Api-Lacuna-Genetics.csproj", "{D482A856-D4C5-46E9-8278-38C3D6A0A4C3}"
EndProject
Global
	GlobalSection(SolutionConfigurationPlatforms) = preSolution
		Debug|Any CPU = Debug|Any CPU
		Release|Any CPU = Release|Any CPU
	EndGlobalSection
	GlobalSection(ProjectConfigurationPlatforms) = postSolution
		{D482A856-D4C5-46E9-8278-38C3D6A0A4C3}.Debug|Any CPU.ActiveCfg = Debug|Any CPU
		{D482A856-D4C5-46E9-8278-38C3D6A0A4C3}.Debug|Any CPU.Build.0 = Debug|Any CPU
		{D482A856-D4C5-46E9-8278-38C3D6A0A4C3}.Release|Any CPU.ActiveCfg = Release|Any CPU
		{D482A856-D4C5-46E9-8278-38C3D6A0A4C3}.Release|Any CPU.Build.0 = Release|Any CPU
	EndGlobalSection
	GlobalSection(SolutionProperties) = preSolution
		HideSolutionNode = FALSE
	EndGlobalSection
	GlobalSection(ExtensibilityGlobals) = postSolution
		SolutionGuid = {F60F67B7-97F8-4F24-9869-DFE8FAFDD0EE}
	EndGlobalSection
EndGlobal
